
Microsoft Visual Studio Solution File, Format Version 12.00
# Visual Studio Version 17
VisualStudioVersion = 17.5.002.0
MinimumVisualStudioVersion = 10.0.40219.1
Project("{2150E333-8FDC-42A3-9474-1A3956D46DE8}") = "csharp-prep", "csharp-prep", "{D5CC379F-0AD3-4504-AFF3-2A863D7C3BA5}"
EndProject
Project("{9A19103F-16F7-4668-BE54-9A1E7A4F7556}") = "Prep1", "csharp-prep\Prep1\Prep1.csproj", "{BFF66DF0-1D95-490E-B2C1-05E55043C7F2}"
EndProject
Project("{9A19103F-16F7-4668-BE54-9A1E7A4F7556}") = "Prep2", "csharp-prep\Prep2\Prep2.csproj", "{1AB38954-3F34-415B-B7E5-8D43CD54D003}"
EndProject
Project("{9A19103F-16F7-4668-BE54-9A1E7A4F7556}") = "Prep3", "csharp-prep\Prep3\Prep3.csproj", "{9D55743E-E87B-47CE-85B1-1E77089DABD4}"
EndProject
Project("{9A19103F-16F7-4668-BE54-9A1E7A4F7556}") = "Prep4", "csharp-prep\Prep4\Prep4.csproj", "{33E0819A-F4ED-4949-9E6C-1323647A77E0}"
EndProject
Project("{9A19103F-16F7-4668-BE54-9A1E7A4F7556}") = "Prep5", "csharp-prep\Prep5\Prep5.csproj", "{DD9B5129-9146-4BD6-9311-83A491931467}"
EndProject
Project("{2150E333-8FDC-42A3-9474-1A3956D46DE8}") = "final", "final", "{E3DA1EE8-F339-415F-9728-8DC5EA6F9667}"
EndProject
Project("{9A19103F-16F7-4668-BE54-9A1E7A4F7556}") = "FinalProject", "final\FinalProject\FinalProject.csproj", "{D9333232-61A7-4DD3-97C3-15C46D3C0CBF}"
EndProject
Project("{9A19103F-16F7-4668-BE54-9A1E7A4F7556}") = "Foundation1", "final\Foundation1\Foundation1.csproj", "{F9B92429-909B-462A-BA4E-F09D9B4126E0}"
EndProject
Project("{9A19103F-16F7-4668-BE54-9A1E7A4F7556}") = "Foundation2", "final\Foundation2\Foundation2.csproj", "{E15FCD2C-A634-42B9-962D-35B409DF1498}"
EndProject
Project("{9A19103F-16F7-4668-BE54-9A1E7A4F7556}") = "Foundation3", "final\Foundation3\Foundation3.csproj", "{D457A191-F232-487A-8BB0-F21223A1F86A}"
EndProject
Project("{9A19103F-16F7-4668-BE54-9A1E7A4F7556}") = "Foundation4", "final\Foundation4\Foundation4.csproj", "{CEFBE2E8-6378-4BB1-B5B9-4EDED8B4A242}"
EndProject
Project("{2150E333-8FDC-42A3-9474-1A3956D46DE8}") = "prepare", "prepare", "{1ED81B75-50D7-40B2-9F6E-BE777C8B6712}"
EndProject
Project("{9A19103F-16F7-4668-BE54-9A1E7A4F7556}") = "Learning02", "prepare\Learning02\Learning02.csproj", "{F1045D29-17E6-4857-8719-820CF55F297B}"
EndProject
Project("{9A19103F-16F7-4668-BE54-9A1E7A4F7556}") = "Learning03", "prepare\Learning03\Learning03.csproj", "{861FEA08-76FD-4778-A5DA-8EF666B5FFA2}"
EndProject
Project("{9A19103F-16F7-4668-BE54-9A1E7A4F7556}") = "Learning04", "prepare\Learning04\Learning04.csproj", "{08CA4726-0FCE-4A79-AA0F-50F085794249}"
EndProject
Project("{9A19103F-16F7-4668-BE54-9A1E7A4F7556}") = "Learning05", "prepare\Learning05\Learning05.csproj", "{A19ADAF0-F25A-4227-AF4C-DBCB9D821655}"
EndProject
Project("{2150E333-8FDC-42A3-9474-1A3956D46DE8}") = "prove", "prove", "{619ED966-4BD9-42D8-979A-E3D1FEF05C1E}"
EndProject
Project("{9A19103F-16F7-4668-BE54-9A1E7A4F7556}") = "Develop02", "prove\Develop02\Develop02.csproj", "{DFE71269-D1F9-4395-AF63-5BE321221E06}"
EndProject
Project("{9A19103F-16F7-4668-BE54-9A1E7A4F7556}") = "Develop03", "prove\Develop03\Develop03.csproj", "{87D156CD-97F5-4B48-8612-6242F89C43D5}"
EndProject
Project("{9A19103F-16F7-4668-BE54-9A1E7A4F7556}") = "Develop04", "prove\Develop04\Develop04.csproj", "{39227ED1-B018-470D-B1A5-5BEDB49F90C3}"
EndProject
Project("{9A19103F-16F7-4668-BE54-9A1E7A4F7556}") = "Develop05", "prove\Develop05\Develop05.csproj", "{82901E5E-934F-406F-B640-968F4B202A69}"
EndProject
Project("{2150E333-8FDC-42A3-9474-1A3956D46DE8}") = "sandbox", "sandbox", "{8D0582A4-466D-457C-BED1-A1546F47DEA6}"
EndProject
Project("{9A19103F-16F7-4668-BE54-9A1E7A4F7556}") = "Sandbox", "sandbox\Sandbox\Sandbox.csproj", "{F79F46DE-3576-4C14-B7D0-71282C24349F}"
EndProject
Global
	GlobalSection(SolutionConfigurationPlatforms) = preSolution
		Debug|Any CPU = Debug|Any CPU
		Release|Any CPU = Release|Any CPU
	EndGlobalSection
	GlobalSection(ProjectConfigurationPlatforms) = postSolution
		{BFF66DF0-1D95-490E-B2C1-05E55043C7F2}.Debug|Any CPU.ActiveCfg = Debug|Any CPU
		{BFF66DF0-1D95-490E-B2C1-05E55043C7F2}.Debug|Any CPU.Build.0 = Debug|Any CPU
		{BFF66DF0-1D95-490E-B2C1-05E55043C7F2}.Release|Any CPU.ActiveCfg = Release|Any CPU
		{BFF66DF0-1D95-490E-B2C1-05E55043C7F2}.Release|Any CPU.Build.0 = Release|Any CPU
		{1AB38954-3F34-415B-B7E5-8D43CD54D003}.Debug|Any CPU.ActiveCfg = Debug|Any CPU
		{1AB38954-3F34-415B-B7E5-8D43CD54D003}.Debug|Any CPU.Build.0 = Debug|Any CPU
		{1AB38954-3F34-415B-B7E5-8D43CD54D003}.Release|Any CPU.ActiveCfg = Release|Any CPU
		{1AB38954-3F34-415B-B7E5-8D43CD54D003}.Release|Any CPU.Build.0 = Release|Any CPU
		{9D55743E-E87B-47CE-85B1-1E77089DABD4}.Debug|Any CPU.ActiveCfg = Debug|Any CPU
		{9D55743E-E87B-47CE-85B1-1E77089DABD4}.Debug|Any CPU.Build.0 = Debug|Any CPU
		{9D55743E-E87B-47CE-85B1-1E77089DABD4}.Release|Any CPU.ActiveCfg = Release|Any CPU
		{9D55743E-E87B-47CE-85B1-1E77089DABD4}.Release|Any CPU.Build.0 = Release|Any CPU
		{33E0819A-F4ED-4949-9E6C-1323647A77E0}.Debug|Any CPU.ActiveCfg = Debug|Any CPU
		{33E0819A-F4ED-4949-9E6C-1323647A77E0}.Debug|Any CPU.Build.0 = Debug|Any CPU
		{33E0819A-F4ED-4949-9E6C-1323647A77E0}.Release|Any CPU.ActiveCfg = Release|Any CPU
		{33E0819A-F4ED-4949-9E6C-1323647A77E0}.Release|Any CPU.Build.0 = Release|Any CPU
		{DD9B5129-9146-4BD6-9311-83A491931467}.Debug|Any CPU.ActiveCfg = Debug|Any CPU
		{DD9B5129-9146-4BD6-9311-83A491931467}.Debug|Any CPU.Build.0 = Debug|Any CPU
		{DD9B5129-9146-4BD6-9311-83A491931467}.Release|Any CPU.ActiveCfg = Release|Any CPU
		{DD9B5129-9146-4BD6-9311-83A491931467}.Release|Any CPU.Build.0 = Release|Any CPU
		{D9333232-61A7-4DD3-97C3-15C46D3C0CBF}.Debug|Any CPU.ActiveCfg = Debug|Any CPU
		{D9333232-61A7-4DD3-97C3-15C46D3C0CBF}.Debug|Any CPU.Build.0 = Debug|Any CPU
		{D9333232-61A7-4DD3-97C3-15C46D3C0CBF}.Release|Any CPU.ActiveCfg = Release|Any CPU
		{D9333232-61A7-4DD3-97C3-15C46D3C0CBF}.Release|Any CPU.Build.0 = Release|Any CPU
		{F9B92429-909B-462A-BA4E-F09D9B4126E0}.Debug|Any CPU.ActiveCfg = Debug|Any CPU
		{F9B92429-909B-462A-BA4E-F09D9B4126E0}.Debug|Any CPU.Build.0 = Debug|Any CPU
		{F9B92429-909B-462A-BA4E-F09D9B4126E0}.Release|Any CPU.ActiveCfg = Release|Any CPU
		{F9B92429-909B-462A-BA4E-F09D9B4126E0}.Release|Any CPU.Build.0 = Release|Any CPU
		{E15FCD2C-A634-42B9-962D-35B409DF1498}.Debug|Any CPU.ActiveCfg = Debug|Any CPU
		{E15FCD2C-A634-42B9-962D-35B409DF1498}.Debug|Any CPU.Build.0 = Debug|Any CPU
		{E15FCD2C-A634-42B9-962D-35B409DF1498}.Release|Any CPU.ActiveCfg = Release|Any CPU
		{E15FCD2C-A634-42B9-962D-35B409DF1498}.Release|Any CPU.Build.0 = Release|Any CPU
		{D457A191-F232-487A-8BB0-F21223A1F86A}.Debug|Any CPU.ActiveCfg = Debug|Any CPU
		{D457A191-F232-487A-8BB0-F21223A1F86A}.Debug|Any CPU.Build.0 = Debug|Any CPU
		{D457A191-F232-487A-8BB0-F21223A1F86A}.Release|Any CPU.ActiveCfg = Release|Any CPU
		{D457A191-F232-487A-8BB0-F21223A1F86A}.Release|Any CPU.Build.0 = Release|Any CPU
		{CEFBE2E8-6378-4BB1-B5B9-4EDED8B4A242}.Debug|Any CPU.ActiveCfg = Debug|Any CPU
		{CEFBE2E8-6378-4BB1-B5B9-4EDED8B4A242}.Debug|Any CPU.Build.0 = Debug|Any CPU
		{CEFBE2E8-6378-4BB1-B5B9-4EDED8B4A242}.Release|Any CPU.ActiveCfg = Release|Any CPU
		{CEFBE2E8-6378-4BB1-B5B9-4EDED8B4A242}.Release|Any CPU.Build.0 = Release|Any CPU
		{F1045D29-17E6-4857-8719-820CF55F297B}.Debug|Any CPU.ActiveCfg = Debug|Any CPU
		{F1045D29-17E6-4857-8719-820CF55F297B}.Debug|Any CPU.Build.0 = Debug|Any CPU
		{F1045D29-17E6-4857-8719-820CF55F297B}.Release|Any CPU.ActiveCfg = Release|Any CPU
		{F1045D29-17E6-4857-8719-820CF55F297B}.Release|Any CPU.Build.0 = Release|Any CPU
		{861FEA08-76FD-4778-A5DA-8EF666B5FFA2}.Debug|Any CPU.ActiveCfg = Debug|Any CPU
		{861FEA08-76FD-4778-A5DA-8EF666B5FFA2}.Debug|Any CPU.Build.0 = Debug|Any CPU
		{861FEA08-76FD-4778-A5DA-8EF666B5FFA2}.Release|Any CPU.ActiveCfg = Release|Any CPU
		{861FEA08-76FD-4778-A5DA-8EF666B5FFA2}.Release|Any CPU.Build.0 = Release|Any CPU
		{08CA4726-0FCE-4A79-AA0F-50F085794249}.Debug|Any CPU.ActiveCfg = Debug|Any CPU
		{08CA4726-0FCE-4A79-AA0F-50F085794249}.Debug|Any CPU.Build.0 = Debug|Any CPU
		{08CA4726-0FCE-4A79-AA0F-50F085794249}.Release|Any CPU.ActiveCfg = Release|Any CPU
		{08CA4726-0FCE-4A79-AA0F-50F085794249}.Release|Any CPU.Build.0 = Release|Any CPU
		{A19ADAF0-F25A-4227-AF4C-DBCB9D821655}.Debug|Any CPU.ActiveCfg = Debug|Any CPU
		{A19ADAF0-F25A-4227-AF4C-DBCB9D821655}.Debug|Any CPU.Build.0 = Debug|Any CPU
		{A19ADAF0-F25A-4227-AF4C-DBCB9D821655}.Release|Any CPU.ActiveCfg = Release|Any CPU
		{A19ADAF0-F25A-4227-AF4C-DBCB9D821655}.Release|Any CPU.Build.0 = Release|Any CPU
		{DFE71269-D1F9-4395-AF63-5BE321221E06}.Debug|Any CPU.ActiveCfg = Debug|Any CPU
		{DFE71269-D1F9-4395-AF63-5BE321221E06}.Debug|Any CPU.Build.0 = Debug|Any CPU
		{DFE71269-D1F9-4395-AF63-5BE321221E06}.Release|Any CPU.ActiveCfg = Release|Any CPU
		{DFE71269-D1F9-4395-AF63-5BE321221E06}.Release|Any CPU.Build.0 = Release|Any CPU
		{87D156CD-97F5-4B48-8612-6242F89C43D5}.Debug|Any CPU.ActiveCfg = Debug|Any CPU
		{87D156CD-97F5-4B48-8612-6242F89C43D5}.Debug|Any CPU.Build.0 = Debug|Any CPU
		{87D156CD-97F5-4B48-8612-6242F89C43D5}.Release|Any CPU.ActiveCfg = Release|Any CPU
		{87D156CD-97F5-4B48-8612-6242F89C43D5}.Release|Any CPU.Build.0 = Release|Any CPU
		{39227ED1-B018-470D-B1A5-5BEDB49F90C3}.Debug|Any CPU.ActiveCfg = Debug|Any CPU
		{39227ED1-B018-470D-B1A5-5BEDB49F90C3}.Debug|Any CPU.Build.0 = Debug|Any CPU
		{39227ED1-B018-470D-B1A5-5BEDB49F90C3}.Release|Any CPU.ActiveCfg = Release|Any CPU
		{39227ED1-B018-470D-B1A5-5BEDB49F90C3}.Release|Any CPU.Build.0 = Release|Any CPU
		{82901E5E-934F-406F-B640-968F4B202A69}.Debug|Any CPU.ActiveCfg = Debug|Any CPU
		{82901E5E-934F-406F-B640-968F4B202A69}.Debug|Any CPU.Build.0 = Debug|Any CPU
		{82901E5E-934F-406F-B640-968F4B202A69}.Release|Any CPU.ActiveCfg = Release|Any CPU
		{82901E5E-934F-406F-B640-968F4B202A69}.Release|Any CPU.Build.0 = Release|Any CPU
		{F79F46DE-3576-4C14-B7D0-71282C24349F}.Debug|Any CPU.ActiveCfg = Debug|Any CPU
		{F79F46DE-3576-4C14-B7D0-71282C24349F}.Debug|Any CPU.Build.0 = Debug|Any CPU
		{F79F46DE-3576-4C14-B7D0-71282C24349F}.Release|Any CPU.ActiveCfg = Release|Any CPU
		{F79F46DE-3576-4C14-B7D0-71282C24349F}.Release|Any CPU.Build.0 = Release|Any CPU
	EndGlobalSection
	GlobalSection(SolutionProperties) = preSolution
		HideSolutionNode = FALSE
	EndGlobalSection
	GlobalSection(NestedProjects) = preSolution
		{BFF66DF0-1D95-490E-B2C1-05E55043C7F2} = {D5CC379F-0AD3-4504-AFF3-2A863D7C3BA5}
		{1AB38954-3F34-415B-B7E5-8D43CD54D003} = {D5CC379F-0AD3-4504-AFF3-2A863D7C3BA5}
		{9D55743E-E87B-47CE-85B1-1E77089DABD4} = {D5CC379F-0AD3-4504-AFF3-2A863D7C3BA5}
		{33E0819A-F4ED-4949-9E6C-1323647A77E0} = {D5CC379F-0AD3-4504-AFF3-2A863D7C3BA5}
		{DD9B5129-9146-4BD6-9311-83A491931467} = {D5CC379F-0AD3-4504-AFF3-2A863D7C3BA5}
		{D9333232-61A7-4DD3-97C3-15C46D3C0CBF} = {E3DA1EE8-F339-415F-9728-8DC5EA6F9667}
		{F9B92429-909B-462A-BA4E-F09D9B4126E0} = {E3DA1EE8-F339-415F-9728-8DC5EA6F9667}
		{E15FCD2C-A634-42B9-962D-35B409DF1498} = {E3DA1EE8-F339-415F-9728-8DC5EA6F9667}
		{D457A191-F232-487A-8BB0-F21223A1F86A} = {E3DA1EE8-F339-415F-9728-8DC5EA6F9667}
		{CEFBE2E8-6378-4BB1-B5B9-4EDED8B4A242} = {E3DA1EE8-F339-415F-9728-8DC5EA6F9667}
		{F1045D29-17E6-4857-8719-820CF55F297B} = {1ED81B75-50D7-40B2-9F6E-BE777C8B6712}
		{861FEA08-76FD-4778-A5DA-8EF666B5FFA2} = {1ED81B75-50D7-40B2-9F6E-BE777C8B6712}
		{08CA4726-0FCE-4A79-AA0F-50F085794249} = {1ED81B75-50D7-40B2-9F6E-BE777C8B6712}
		{A19ADAF0-F25A-4227-AF4C-DBCB9D821655} = {1ED81B75-50D7-40B2-9F6E-BE777C8B6712}
		{DFE71269-D1F9-4395-AF63-5BE321221E06} = {619ED966-4BD9-42D8-979A-E3D1FEF05C1E}
		{87D156CD-97F5-4B48-8612-6242F89C43D5} = {619ED966-4BD9-42D8-979A-E3D1FEF05C1E}
		{39227ED1-B018-470D-B1A5-5BEDB49F90C3} = {619ED966-4BD9-42D8-979A-E3D1FEF05C1E}
		{82901E5E-934F-406F-B640-968F4B202A69} = {619ED966-4BD9-42D8-979A-E3D1FEF05C1E}
		{F79F46DE-3576-4C14-B7D0-71282C24349F} = {8D0582A4-466D-457C-BED1-A1546F47DEA6}
	EndGlobalSection
	GlobalSection(ExtensibilityGlobals) = postSolution
		SolutionGuid = {7FC651CD-6A60-4382-AD69-AEC871D948CA}
	EndGlobalSection
EndGlobal
